
Microsoft Visual Studio Solution File, Format Version 12.00
# Visual Studio Version 17
VisualStudioVersion = 17.14.36705.20 d17.14
MinimumVisualStudioVersion = 10.0.40219.1
Project("{FAE04EC0-301F-11D3-BF4B-00C04F79EFBC}") = "Voxia.Api", "Voxia.Api.csproj", "{564D5D11-AE37-48FE-9CF6-EF4C313A8708}"
EndProject
Global
	GlobalSection(SolutionConfigurationPlatforms) = preSolution
		Debug|Any CPU = Debug|Any CPU
		Release|Any CPU = Release|Any CPU
	EndGlobalSection
	GlobalSection(ProjectConfigurationPlatforms) = postSolution
		{564D5D11-AE37-48FE-9CF6-EF4C313A8708}.Debug|Any CPU.ActiveCfg = Debug|Any CPU
		{564D5D11-AE37-48FE-9CF6-EF4C313A8708}.Debug|Any CPU.Build.0 = Debug|Any CPU
		{564D5D11-AE37-48FE-9CF6-EF4C313A8708}.Release|Any CPU.ActiveCfg = Release|Any CPU
		{564D5D11-AE37-48FE-9CF6-EF4C313A8708}.Release|Any CPU.Build.0 = Release|Any CPU
	EndGlobalSection
	GlobalSection(SolutionProperties) = preSolution
		HideSolutionNode = FALSE
	EndGlobalSection
	GlobalSection(ExtensibilityGlobals) = postSolution
		SolutionGuid = {4E5CE64E-1515-40C3-B168-C3204F7F2E0F}
	EndGlobalSection
EndGlobal
